{
  "name": "anna-landing",
  "lockfileVersion": 3,
  "requires": true,
  "packages": {
    "": {
      "dependencies": {
        "@zachleat/snow-fall": "^1.0.2",
        "the-new-css-reset": "^1.11.3"
      }
    },
    "node_modules/@zachleat/snow-fall": {
      "version": "1.0.2",
      "resolved": "https://registry.npmjs.org/@zachleat/snow-fall/-/snow-fall-1.0.2.tgz",
      "integrity": "sha512-nyNeliowryq+roSMktyV3o14DduSuU4BvBzruVSPV6e8U8Eid2zNzSj1AzCQByPId7Q4MrIP2QWL2UHeHGfmcA==",
      "license": "MIT"
    },
    "node_modules/the-new-css-reset": {
      "version": "1.11.3",
      "resolved": "https://registry.npmjs.org/the-new-css-reset/-/the-new-css-reset-1.11.3.tgz",
      "integrity": "sha512-61SB81vu9foUyEIqoU1CeqxrdlsVjJojj/CBXoG8BdvlKFsllB0Rza63DblnRqH+3uttPj3FGWo7+c9nu7MT+A==",
      "license": "MIT"
    }
  }
}
